// !$*UTF8*$!
{
	archiveVersion = 1;
	classes = {
	};
	objectVersion = 51;
	objects = {

/* Begin PBXBuildFile section */
		EA06AD862493B5A40027DB3F /* LoginViewController.swift in Sources */ = {isa = PBXBuildFile; fileRef = EA06AD852493B5A40027DB3F /* LoginViewController.swift */; };
		EA06AD882493BDC60027DB3F /* RegisterViewController.swift in Sources */ = {isa = PBXBuildFile; fileRef = EA06AD872493BDC60027DB3F /* RegisterViewController.swift */; };
		EA8E4FFB2493AA49002496E6 /* AppDelegate.swift in Sources */ = {isa = PBXBuildFile; fileRef = EA8E4FFA2493AA49002496E6 /* AppDelegate.swift */; };
		EA8E4FFD2493AA49002496E6 /* SceneDelegate.swift in Sources */ = {isa = PBXBuildFile; fileRef = EA8E4FFC2493AA49002496E6 /* SceneDelegate.swift */; };
		EA8E4FFF2493AA49002496E6 /* ViewController.swift in Sources */ = {isa = PBXBuildFile; fileRef = EA8E4FFE2493AA49002496E6 /* ViewController.swift */; };
		EA8E50022493AA49002496E6 /* Main.storyboard in Resources */ = {isa = PBXBuildFile; fileRef = EA8E50002493AA49002496E6 /* Main.storyboard */; };
		EA8E50042493AA4B002496E6 /* Assets.xcassets in Resources */ = {isa = PBXBuildFile; fileRef = EA8E50032493AA4B002496E6 /* Assets.xcassets */; };
		EA8E50072493AA4B002496E6 /* LaunchScreen.storyboard in Resources */ = {isa = PBXBuildFile; fileRef = EA8E50052493AA4B002496E6 /* LaunchScreen.storyboard */; };
		EA8E50112493AC99002496E6 /* GoogleService-Info.plist in Resources */ = {isa = PBXBuildFile; fileRef = EA8E50102493AC99002496E6 /* GoogleService-Info.plist */; };
		F6E7E95B0D25FE6302F0A353 /* Pods_firebase1.framework in Frameworks */ = {isa = PBXBuildFile; fileRef = 73CE31702024F5E10A70C32C /* Pods_firebase1.framework */; };
/* End PBXBuildFile section */

/* Begin PBXFileReference section */
		73CE31702024F5E10A70C32C /* Pods_firebase1.framework */ = {isa = PBXFileReference; explicitFileType = wrapper.framework; includeInIndex = 0; path = Pods_firebase1.framework; sourceTree = BUILT_PRODUCTS_DIR; };
		EA06AD852493B5A40027DB3F /* LoginViewController.swift */ = {isa = PBXFileReference; lastKnownFileType = sourcecode.swift; path = LoginViewController.swift; sourceTree = "<group>"; };
		EA06AD872493BDC60027DB3F /* RegisterViewController.swift */ = {isa = PBXFileReference; lastKnownFileType = sourcecode.swift; path = RegisterViewController.swift; sourceTree = "<group>"; };
		EA8E4FF72493AA49002496E6 /* firebase1.app */ = {isa = PBXFileReference; explicitFileType = wrapper.application; includeInIndex = 0; path = firebase1.app; sourceTree = BUILT_PRODUCTS_DIR; };
		EA8E4FFA2493AA49002496E6 /* AppDelegate.swift */ = {isa = PBXFileReference; lastKnownFileType = sourcecode.swift; path = AppDelegate.swift; sourceTree = "<group>"; };
		EA8E4FFC2493AA49002496E6 /* SceneDelegate.swift */ = {isa = PBXFileReference; lastKnownFileType = sourcecode.swift; path = SceneDelegate.swift; sourceTree = "<group>"; };
		EA8E4FFE2493AA49002496E6 /* ViewController.swift */ = {isa = PBXFileReference; lastKnownFileType = sourcecode.swift; path = ViewController.swift; sourceTree = "<group>"; };
		EA8E50012493AA49002496E6 /* Base */ = {isa = PBXFileReference; lastKnownFileType = file.storyboard; name = Base; path = Base.lproj/Main.storyboard; sourceTree = "<group>"; };
		EA8E50032493AA4B002496E6 /* Assets.xcassets */ = {isa = PBXFileReference; lastKnownFileType = folder.assetcatalog; path = Assets.xcassets; sourceTree = "<group>"; };
		EA8E50062493AA4B002496E6 /* Base */ = {isa = PBXFileReference; lastKnownFileType = file.storyboard; name = Base; path = Base.lproj/LaunchScreen.storyboard; sourceTree = "<group>"; };
		EA8E50082493AA4B002496E6 /* Info.plist */ = {isa = PBXFileReference; lastKnownFileType = text.plist.xml; path = Info.plist; sourceTree = "<group>"; };
		EA8E50102493AC99002496E6 /* GoogleService-Info.plist */ = {isa = PBXFileReference; fileEncoding = 4; lastKnownFileType = text.plist.xml; path = "GoogleService-Info.plist"; sourceTree = "<group>"; };
		F35E04575BD41660815C5A79 /* Pods-firebase1.debug.xcconfig */ = {isa = PBXFileReference; includeInIndex = 1; lastKnownFileType = text.xcconfig; name = "Pods-firebase1.debug.xcconfig"; path = "Target Support Files/Pods-firebase1/Pods-firebase1.debug.xcconfig"; sourceTree = "<group>"; };
		FD2D5BC2C61C6597D39B9392 /* Pods-firebase1.release.xcconfig */ = {isa = PBXFileReference; includeInIndex = 1; lastKnownFileType = text.xcconfig; name = "Pods-firebase1.release.xcconfig"; path = "Target Support Files/Pods-firebase1/Pods-firebase1.release.xcconfig"; sourceTree = "<group>"; };
/* End PBXFileReference section */

/* Begin PBXFrameworksBuildPhase section */
		EA8E4FF42493AA49002496E6 /* Frameworks */ = {
			isa = PBXFrameworksBuildPhase;
			buildActionMask = 2147483647;
			files = (
				F6E7E95B0D25FE6302F0A353 /* Pods_firebase1.framework in Frameworks */,
			);
			runOnlyForDeploymentPostprocessing = 0;
		};
/* End PBXFrameworksBuildPhase section */

/* Begin PBXGroup section */
		928FA479C784CE89F8133921 /* Pods */ = {
			isa = PBXGroup;
			children = (
				F35E04575BD41660815C5A79 /* Pods-firebase1.debug.xcconfig */,
				FD2D5BC2C61C6597D39B9392 /* Pods-firebase1.release.xcconfig */,
			);
			path = Pods;
			sourceTree = "<group>";
		};
		C1BDE5E9044D5A7FF5366A85 /* Frameworks */ = {
			isa = PBXGroup;
			children = (
				73CE31702024F5E10A70C32C /* Pods_firebase1.framework */,
			);
			name = Frameworks;
			sourceTree = "<group>";
		};
		EA8E4FEE2493AA49002496E6 = {
			isa = PBXGroup;
			children = (
				EA8E4FF92493AA49002496E6 /* firebase1 */,
				EA8E4FF82493AA49002496E6 /* Products */,
				928FA479C784CE89F8133921 /* Pods */,
				C1BDE5E9044D5A7FF5366A85 /* Frameworks */,
			);
			sourceTree = "<group>";
		};
		EA8E4FF82493AA49002496E6 /* Products */ = {
			isa = PBXGroup;
			children = (
				EA8E4FF72493AA49002496E6 /* firebase1.app */,
			);
			name = Products;
			sourceTree = "<group>";
		};
		EA8E4FF92493AA49002496E6 /* firebase1 */ = {
			isa = PBXGroup;
			children = (
				EA8E4FFA2493AA49002496E6 /* AppDelegate.swift */,
				EA8E4FFC2493AA49002496E6 /* SceneDelegate.swift */,
				EA8E4FFE2493AA49002496E6 /* ViewController.swift */,
				EA8E50002493AA49002496E6 /* Main.storyboard */,
				EA8E50032493AA4B002496E6 /* Assets.xcassets */,
				EA8E50052493AA4B002496E6 /* LaunchScreen.storyboard */,
				EA8E50082493AA4B002496E6 /* Info.plist */,
				EA8E50102493AC99002496E6 /* GoogleService-Info.plist */,
				EA06AD852493B5A40027DB3F /* LoginViewController.swift */,
				EA06AD872493BDC60027DB3F /* RegisterViewController.swift */,
			);
			path = firebase1;
			sourceTree = "<group>";
		};
/* End PBXGroup section */

/* Begin PBXNativeTarget section */
		EA8E4FF62493AA49002496E6 /* firebase1 */ = {
			isa = PBXNativeTarget;
			buildConfigurationList = EA8E500B2493AA4B002496E6 /* Build configuration list for PBXNativeTarget "firebase1" */;
			buildPhases = (
				0E0D49FC48EB56B3808BF83C /* [CP] Check Pods Manifest.lock */,
				EA8E4FF32493AA49002496E6 /* Sources */,
				EA8E4FF42493AA49002496E6 /* Frameworks */,
				EA8E4FF52493AA49002496E6 /* Resources */,
				A49FCC2F175876C543CBD984 /* [CP] Embed Pods Frameworks */,
			);
			buildRules = (
			);
			dependencies = (
			);
			name = firebase1;
			productName = firebase1;
			productReference = EA8E4FF72493AA49002496E6 /* firebase1.app */;
			productType = "com.apple.product-type.application";
		};
/* End PBXNativeTarget section */

/* Begin PBXProject section */
		EA8E4FEF2493AA49002496E6 /* Project object */ = {
			isa = PBXProject;
			attributes = {
				LastSwiftUpdateCheck = 1150;
				LastUpgradeCheck = 1150;
				ORGANIZATIONNAME = "권성우";
				TargetAttributes = {
					EA8E4FF62493AA49002496E6 = {
						CreatedOnToolsVersion = 11.5;
					};
				};
			};
			buildConfigurationList = EA8E4FF22493AA49002496E6 /* Build configuration list for PBXProject "firebase1" */;
			compatibilityVersion = "Xcode 9.3";
			developmentRegion = en;
			hasScannedForEncodings = 0;
			knownRegions = (
				en,
				Base,
			);
			mainGroup = EA8E4FEE2493AA49002496E6;
			productRefGroup = EA8E4FF82493AA49002496E6 /* Products */;
			projectDirPath = "";
			projectRoot = "";
			targets = (
				EA8E4FF62493AA49002496E6 /* firebase1 */,
			);
		};
/* End PBXProject section */

/* Begin PBXResourcesBuildPhase section */
		EA8E4FF52493AA49002496E6 /* Resources */ = {
			isa = PBXResourcesBuildPhase;
			buildActionMask = 2147483647;
			files = (
				EA8E50072493AA4B002496E6 /* LaunchScreen.storyboard in Resources */,
				EA8E50112493AC99002496E6 /* GoogleService-Info.plist in Resources */,
				EA8E50042493AA4B002496E6 /* Assets.xcassets in Resources */,
				EA8E50022493AA49002496E6 /* Main.storyboard in Resources */,
			);
			runOnlyForDeploymentPostprocessing = 0;
		};
/* End PBXResourcesBuildPhase section */

/* Begin PBXShellScriptBuildPhase section */
		0E0D49FC48EB56B3808BF83C /* [CP] Check Pods Manifest.lock */ = {
			isa = PBXShellScriptBuildPhase;
			buildActionMask = 2147483647;
			files = (
			);
			inputFileListPaths = (
			);
			inputPaths = (
				"${PODS_PODFILE_DIR_PATH}/Podfile.lock",
				"${PODS_ROOT}/Manifest.lock",
			);
			name = "[CP] Check Pods Manifest.lock";
			outputFileListPaths = (
			);
			outputPaths = (
				"$(DERIVED_FILE_DIR)/Pods-firebase1-checkManifestLockResult.txt",
			);
			runOnlyForDeploymentPostprocessing = 0;
			shellPath = /bin/sh;
			shellScript = "diff \"${PODS_PODFILE_DIR_PATH}/Podfile.lock\" \"${PODS_ROOT}/Manifest.lock\" > /dev/null\nif [ $? != 0 ] ; then\n    # print error to STDERR\n    echo \"error: The sandbox is not in sync with the Podfile.lock. Run 'pod install' or update your CocoaPods installation.\" >&2\n    exit 1\nfi\n# This output is used by Xcode 'outputs' to avoid re-running this script phase.\necho \"SUCCESS\" > \"${SCRIPT_OUTPUT_FILE_0}\"\n";
			showEnvVarsInLog = 0;
		};
		A49FCC2F175876C543CBD984 /* [CP] Embed Pods Frameworks */ = {
			isa = PBXShellScriptBuildPhase;
			buildActionMask = 2147483647;
			files = (
			);
			inputFileListPaths = (
				"${PODS_ROOT}/Target Support Files/Pods-firebase1/Pods-firebase1-frameworks-${CONFIGURATION}-input-files.xcfilelist",
			);
			name = "[CP] Embed Pods Frameworks";
			outputFileListPaths = (
				"${PODS_ROOT}/Target Support Files/Pods-firebase1/Pods-firebase1-frameworks-${CONFIGURATION}-output-files.xcfilelist",
			);
			runOnlyForDeploymentPostprocessing = 0;
			shellPath = /bin/sh;
			shellScript = "\"${PODS_ROOT}/Target Support Files/Pods-firebase1/Pods-firebase1-frameworks.sh\"\n";
			showEnvVarsInLog = 0;
		};
/* End PBXShellScriptBuildPhase section */

/* Begin PBXSourcesBuildPhase section */
		EA8E4FF32493AA49002496E6 /* Sources */ = {
			isa = PBXSourcesBuildPhase;
			buildActionMask = 2147483647;
			files = (
				EA06AD862493B5A40027DB3F /* LoginViewController.swift in Sources */,
				EA06AD882493BDC60027DB3F /* RegisterViewController.swift in Sources */,
				EA8E4FFF2493AA49002496E6 /* ViewController.swift in Sources */,
				EA8E4FFB2493AA49002496E6 /* AppDelegate.swift in Sources */,
				EA8E4FFD2493AA49002496E6 /* SceneDelegate.swift in Sources */,
			);
			runOnlyForDeploymentPostprocessing = 0;
		};
/* End PBXSourcesBuildPhase section */

/* Begin PBXVariantGroup section */
		EA8E50002493AA49002496E6 /* Main.storyboard */ = {
			isa = PBXVariantGroup;
			children = (
				EA8E50012493AA49002496E6 /* Base */,
			);
			name = Main.storyboard;
			sourceTree = "<group>";
		};
		EA8E50052493AA4B002496E6 /* LaunchScreen.storyboard */ = {
			isa = PBXVariantGroup;
			children = (
				EA8E50062493AA4B002496E6 /* Base */,
			);
			name = LaunchScreen.storyboard;
			sourceTree = "<group>";
		};
/* End PBXVariantGroup section */

/* Begin XCBuildConfiguration section */
		EA8E50092493AA4B002496E6 /* Debug */ = {
			isa = XCBuildConfiguration;
			buildSettings = {
				ALWAYS_SEARCH_USER_PATHS = NO;
				CLANG_ANALYZER_NONNULL = YES;
				CLANG_ANALYZER_NUMBER_OBJECT_CONVERSION = YES_AGGRESSIVE;
				CLANG_CXX_LANGUAGE_STANDARD = "gnu++14";
				CLANG_CXX_LIBRARY = "libc++";
				CLANG_ENABLE_MODULES = YES;
				CLANG_ENABLE_OBJC_ARC = YES;
				CLANG_ENABLE_OBJC_WEAK = YES;
				CLANG_WARN_BLOCK_CAPTURE_AUTORELEASING = YES;
				CLANG_WARN_BOOL_CONVERSION = YES;
				CLANG_WARN_COMMA = YES;
				CLANG_WARN_CONSTANT_CONVERSION = YES;
				CLANG_WARN_DEPRECATED_OBJC_IMPLEMENTATIONS = YES;
				CLANG_WARN_DIRECT_OBJC_ISA_USAGE = YES_ERROR;
				CLANG_WARN_DOCUMENTATION_COMMENTS = YES;
				CLANG_WARN_EMPTY_BODY = YES;
				CLANG_WARN_ENUM_CONVERSION = YES;
				CLANG_WARN_INFINITE_RECURSION = YES;
				CLANG_WARN_INT_CONVERSION = YES;
				CLANG_WARN_NON_LITERAL_NULL_CONVERSION = YES;
				CLANG_WARN_OBJC_IMPLICIT_RETAIN_SELF = YES;
				CLANG_WARN_OBJC_LITERAL_CONVERSION = YES;
				CLANG_WARN_OBJC_ROOT_CLASS = YES_ERROR;
				CLANG_WARN_RANGE_LOOP_ANALYSIS = YES;
				CLANG_WARN_STRICT_PROTOTYPES = YES;
				CLANG_WARN_SUSPICIOUS_MOVE = YES;
				CLANG_WARN_UNGUARDED_AVAILABILITY = YES_AGGRESSIVE;
				CLANG_WARN_UNREACHABLE_CODE = YES;
				CLANG_WARN__DUPLICATE_METHOD_MATCH = YES;
				COPY_PHASE_STRIP = NO;
				DEBUG_INFORMATION_FORMAT = dwarf;
				ENABLE_STRICT_OBJC_MSGSEND = YES;
				ENABLE_TESTABILITY = YES;
				GCC_C_LANGUAGE_STANDARD = gnu11;
				GCC_DYNAMIC_NO_PIC = NO;
				GCC_NO_COMMON_BLOCKS = YES;
				GCC_OPTIMIZATION_LEVEL = 0;
				GCC_PREPROCESSOR_DEFINITIONS = (
					"DEBUG=1",
					"$(inherited)",
				);
				GCC_WARN_64_TO_32_BIT_CONVERSION = YES;
				GCC_WARN_ABOUT_RETURN_TYPE = YES_ERROR;
				GCC_WARN_UNDECLARED_SELECTOR = YES;
				GCC_WARN_UNINITIALIZED_AUTOS = YES_AGGRESSIVE;
				GCC_WARN_UNUSED_FUNCTION = YES;
				GCC_WARN_UNUSED_VARIABLE = YES;
				IPHONEOS_DEPLOYMENT_TARGET = 13.5;
				MTL_ENABLE_DEBUG_INFO = INCLUDE_SOURCE;
				MTL_FAST_MATH = YES;
				ONLY_ACTIVE_ARCH = YES;
				SDKROOT = iphoneos;
				SWIFT_ACTIVE_COMPILATION_CONDITIONS = DEBUG;
				SWIFT_OPTIMIZATION_LEVEL = "-Onone";
			};
			name = Debug;
		};
		EA8E500A2493AA4B002496E6 /* Release */ = {
			isa = XCBuildConfiguration;
			buildSettings = {
				ALWAYS_SEARCH_USER_PATHS = NO;
				CLANG_ANALYZER_NONNULL = YES;
				CLANG_ANALYZER_NUMBER_OBJECT_CONVERSION = YES_AGGRESSIVE;
				CLANG_CXX_LANGUAGE_STANDARD = "gnu++14";
				CLANG_CXX_LIBRARY = "libc++";
				CLANG_ENABLE_MODULES = YES;
				CLANG_ENABLE_OBJC_ARC = YES;
				CLANG_ENABLE_OBJC_WEAK = YES;
				CLANG_WARN_BLOCK_CAPTURE_AUTORELEASING = YES;
				CLANG_WARN_BOOL_CONVERSION = YES;
				CLANG_WARN_COMMA = YES;
				CLANG_WARN_CONSTANT_CONVERSION = YES;
				CLANG_WARN_DEPRECATED_OBJC_IMPLEMENTATIONS = YES;
				CLANG_WARN_DIRECT_OBJC_ISA_USAGE = YES_ERROR;
				CLANG_WARN_DOCUMENTATION_COMMENTS = YES;
				CLANG_WARN_EMPTY_BODY = YES;
				CLANG_WARN_ENUM_CONVERSION = YES;
				CLANG_WARN_INFINITE_RECURSION = YES;
				CLANG_WARN_INT_CONVERSION = YES;
				CLANG_WARN_NON_LITERAL_NULL_CONVERSION = YES;
				CLANG_WARN_OBJC_IMPLICIT_RETAIN_SELF = YES;
				CLANG_WARN_OBJC_LITERAL_CONVERSION = YES;
				CLANG_WARN_OBJC_ROOT_CLASS = YES_ERROR;
				CLANG_WARN_RANGE_LOOP_ANALYSIS = YES;
				CLANG_WARN_STRICT_PROTOTYPES = YES;
				CLANG_WARN_SUSPICIOUS_MOVE = YES;
				CLANG_WARN_UNGUARDED_AVAILABILITY = YES_AGGRESSIVE;
				CLANG_WARN_UNREACHABLE_CODE = YES;
				CLANG_WARN__DUPLICATE_METHOD_MATCH = YES;
				COPY_PHASE_STRIP = NO;
				DEBUG_INFORMATION_FORMAT = "dwarf-with-dsym";
				ENABLE_NS_ASSERTIONS = NO;
				ENABLE_STRICT_OBJC_MSGSEND = YES;
				GCC_C_LANGUAGE_STANDARD = gnu11;
				GCC_NO_COMMON_BLOCKS = YES;
				GCC_WARN_64_TO_32_BIT_CONVERSION = YES;
				GCC_WARN_ABOUT_RETURN_TYPE = YES_ERROR;
				GCC_WARN_UNDECLARED_SELECTOR = YES;
				GCC_WARN_UNINITIALIZED_AUTOS = YES_AGGRESSIVE;
				GCC_WARN_UNUSED_FUNCTION = YES;
				GCC_WARN_UNUSED_VARIABLE = YES;
				IPHONEOS_DEPLOYMENT_TARGET = 13.5;
				MTL_ENABLE_DEBUG_INFO = NO;
				MTL_FAST_MATH = YES;
				SDKROOT = iphoneos;
				SWIFT_COMPILATION_MODE = wholemodule;
				SWIFT_OPTIMIZATION_LEVEL = "-O";
				VALIDATE_PRODUCT = YES;
			};
			name = Release;
		};
		EA8E500C2493AA4B002496E6 /* Debug */ = {
			isa = XCBuildConfiguration;
			baseConfigurationReference = F35E04575BD41660815C5A79 /* Pods-firebase1.debug.xcconfig */;
			buildSettings = {
				ASSETCATALOG_COMPILER_APPICON_NAME = AppIcon;
				CODE_SIGN_STYLE = Automatic;
				DEVELOPMENT_TEAM = L2VUB7Y3L2;
				INFOPLIST_FILE = firebase1/Info.plist;
				LD_RUNPATH_SEARCH_PATHS = (
					"$(inherited)",
					"@executable_path/Frameworks",
				);
				PRODUCT_BUNDLE_IDENTIFIER = KSW.firebase1;
				PRODUCT_NAME = "$(TARGET_NAME)";
				SWIFT_VERSION = 5.0;
				TARGETED_DEVICE_FAMILY = "1,2";
			};
			name = Debug;
		};
		EA8E500D2493AA4B002496E6 /* Release */ = {
			isa = XCBuildConfiguration;
			baseConfigurationReference = FD2D5BC2C61C6597D39B9392 /* Pods-firebase1.release.xcconfig */;
			buildSettings = {
				ASSETCATALOG_COMPILER_APPICON_NAME = AppIcon;
				CODE_SIGN_STYLE = Automatic;
				DEVELOPMENT_TEAM = L2VUB7Y3L2;
				INFOPLIST_FILE = firebase1/Info.plist;
				LD_RUNPATH_SEARCH_PATHS = (
					"$(inherited)",
					"@executable_path/Frameworks",
				);
				PRODUCT_BUNDLE_IDENTIFIER = KSW.firebase1;
				PRODUCT_NAME = "$(TARGET_NAME)";
				SWIFT_VERSION = 5.0;
				TARGETED_DEVICE_FAMILY = "1,2";
			};
			name = Release;
		};
/* End XCBuildConfiguration section */

/* Begin XCConfigurationList section */
		EA8E4FF22493AA49002496E6 /* Build configuration list for PBXProject "firebase1" */ = {
			isa = XCConfigurationList;
			buildConfigurations = (
				EA8E50092493AA4B002496E6 /* Debug */,
				EA8E500A2493AA4B002496E6 /* Release */,
			);
			defaultConfigurationIsVisible = 0;
			defaultConfigurationName = Release;
		};
		EA8E500B2493AA4B002496E6 /* Build configuration list for PBXNativeTarget "firebase1" */ = {
			isa = XCConfigurationList;
			buildConfigurations = (
				EA8E500C2493AA4B002496E6 /* Debug */,
				EA8E500D2493AA4B002496E6 /* Release */,
			);
			defaultConfigurationIsVisible = 0;
			defaultConfigurationName = Release;
		};
/* End XCConfigurationList section */
	};
	rootObject = EA8E4FEF2493AA49002496E6 /* Project object */;
}
